// !$*UTF8*$!
{
	archiveVersion = 1;
	classes = {
	};
	objectVersion = 46;
	objects = {

/* Begin PBXBuildFile section */
		4E65CBD119ACD0100082999F /* noPicI.png in Resources */ = {isa = PBXBuildFile; fileRef = 4E65CBCC19ACD0100082999F /* noPicI.png */; };
		4E65CBD219ACD0100082999F /* noPicI@2x.png in Resources */ = {isa = PBXBuildFile; fileRef = 4E65CBCD19ACD0100082999F /* noPicI@2x.png */; };
		4E65CBD319ACD0100082999F /* noPicItemList_ar.gif in Resources */ = {isa = PBXBuildFile; fileRef = 4E65CBCE19ACD0100082999F /* noPicItemList_ar.gif */; };
		4E65CBD419ACD0100082999F /* noPicP.png in Resources */ = {isa = PBXBuildFile; fileRef = 4E65CBCF19ACD0100082999F /* noPicP.png */; };
		4E65CBD519ACD0100082999F /* noPicP@2x.png in Resources */ = {isa = PBXBuildFile; fileRef = 4E65CBD019ACD0100082999F /* noPicP@2x.png */; };
		4E65CBD819ACDC720082999F /* MLDaoManager.m in Sources */ = {isa = PBXBuildFile; fileRef = 4E65CBD719ACDC720082999F /* MLDaoManager.m */; };
		4E65CBDB19ACDC850082999F /* MLDaoFilesystem.m in Sources */ = {isa = PBXBuildFile; fileRef = 4E65CBDA19ACDC850082999F /* MLDaoFilesystem.m */; };
		4E65CBDE19ACDC920082999F /* MLDaoMemory.m in Sources */ = {isa = PBXBuildFile; fileRef = 4E65CBDD19ACDC920082999F /* MLDaoMemory.m */; };
		4E65CBE319AE5F0F0082999F /* MLNoResultsViewController.m in Sources */ = {isa = PBXBuildFile; fileRef = 4E65CBE119AE5F0F0082999F /* MLNoResultsViewController.m */; };
		4E65CBE419AE5F0F0082999F /* MLNoResultsViewController.xib in Resources */ = {isa = PBXBuildFile; fileRef = 4E65CBE219AE5F0F0082999F /* MLNoResultsViewController.xib */; };
		4E65CBEA19AE67870082999F /* MLImageCollectionViewCell.m in Sources */ = {isa = PBXBuildFile; fileRef = 4E65CBE919AE67870082999F /* MLImageCollectionViewCell.m */; };
		4E65CBEE19AE67D80082999F /* MLImageCollectionViewCell.xib in Resources */ = {isa = PBXBuildFile; fileRef = 4E65CBED19AE67D80082999F /* MLImageCollectionViewCell.xib */; };
		4E65CBF919AE88C50082999F /* MLWebService.m in Sources */ = {isa = PBXBuildFile; fileRef = 4E65CBF819AE88C50082999F /* MLWebService.m */; };
		4E7EF48A19A7719200ABAECD /* Foundation.framework in Frameworks */ = {isa = PBXBuildFile; fileRef = 4E7EF48919A7719200ABAECD /* Foundation.framework */; };
		4E7EF48C19A7719200ABAECD /* CoreGraphics.framework in Frameworks */ = {isa = PBXBuildFile; fileRef = 4E7EF48B19A7719200ABAECD /* CoreGraphics.framework */; };
		4E7EF48E19A7719200ABAECD /* UIKit.framework in Frameworks */ = {isa = PBXBuildFile; fileRef = 4E7EF48D19A7719200ABAECD /* UIKit.framework */; };
		4E7EF49419A7719200ABAECD /* InfoPlist.strings in Resources */ = {isa = PBXBuildFile; fileRef = 4E7EF49219A7719200ABAECD /* InfoPlist.strings */; };
		4E7EF49619A7719200ABAECD /* main.m in Sources */ = {isa = PBXBuildFile; fileRef = 4E7EF49519A7719200ABAECD /* main.m */; };
		4E7EF49A19A7719200ABAECD /* MLAppDelegate.m in Sources */ = {isa = PBXBuildFile; fileRef = 4E7EF49919A7719200ABAECD /* MLAppDelegate.m */; };
		4E7EF49C19A7719200ABAECD /* Images.xcassets in Resources */ = {isa = PBXBuildFile; fileRef = 4E7EF49B19A7719200ABAECD /* Images.xcassets */; };
		4E7EF4A319A7719200ABAECD /* XCTest.framework in Frameworks */ = {isa = PBXBuildFile; fileRef = 4E7EF4A219A7719200ABAECD /* XCTest.framework */; };
		4E7EF4A419A7719200ABAECD /* Foundation.framework in Frameworks */ = {isa = PBXBuildFile; fileRef = 4E7EF48919A7719200ABAECD /* Foundation.framework */; };
		4E7EF4A519A7719200ABAECD /* UIKit.framework in Frameworks */ = {isa = PBXBuildFile; fileRef = 4E7EF48D19A7719200ABAECD /* UIKit.framework */; };
		4E7EF4AD19A7719200ABAECD /* InfoPlist.strings in Resources */ = {isa = PBXBuildFile; fileRef = 4E7EF4AB19A7719200ABAECD /* InfoPlist.strings */; };
		4E7EF4AF19A7719200ABAECD /* NetworkingTests.m in Sources */ = {isa = PBXBuildFile; fileRef = 4E7EF4AE19A7719200ABAECD /* NetworkingTests.m */; };
		4E7EF4D119A77B5B00ABAECD /* MLSearchItem.m in Sources */ = {isa = PBXBuildFile; fileRef = 4E7EF4BD19A77B5B00ABAECD /* MLSearchItem.m */; };
		4E7EF4D319A77B5B00ABAECD /* MLItemBuilder.m in Sources */ = {isa = PBXBuildFile; fileRef = 4E7EF4C219A77B5B00ABAECD /* MLItemBuilder.m */; };
		4E7EF4DD19A77BFA00ABAECD /* MBProgressHUD.m in Sources */ = {isa = PBXBuildFile; fileRef = 4E7EF4DC19A77BFA00ABAECD /* MBProgressHUD.m */; };
		4E7EF4E219A77D9200ABAECD /* MLFavouritesViewController.m in Sources */ = {isa = PBXBuildFile; fileRef = 4E7EF4E019A77D9200ABAECD /* MLFavouritesViewController.m */; };
		4E7EF4E319A77D9200ABAECD /* MLFavouritesViewController.xib in Resources */ = {isa = PBXBuildFile; fileRef = 4E7EF4E119A77D9200ABAECD /* MLFavouritesViewController.xib */; };
		4E7EF4E719A7833800ABAECD /* searchTabBar.png in Resources */ = {isa = PBXBuildFile; fileRef = 4E7EF4E519A7833800ABAECD /* searchTabBar.png */; };
		4E7EF4E819A7833800ABAECD /* searchTabBar@2x.png in Resources */ = {isa = PBXBuildFile; fileRef = 4E7EF4E619A7833800ABAECD /* searchTabBar@2x.png */; };
		4E7EF4EB19A7847C00ABAECD /* bookmarksTabBar.png in Resources */ = {isa = PBXBuildFile; fileRef = 4E7EF4E919A7847C00ABAECD /* bookmarksTabBar.png */; };
		4E7EF4EC19A7847C00ABAECD /* bookmarksTabBar@2x.png in Resources */ = {isa = PBXBuildFile; fileRef = 4E7EF4EA19A7847C00ABAECD /* bookmarksTabBar@2x.png */; };
		4E7EF4EF19A785D900ABAECD /* mercadolibre.png in Resources */ = {isa = PBXBuildFile; fileRef = 4E7EF4ED19A785D900ABAECD /* mercadolibre.png */; };
		4E7EF4F019A785D900ABAECD /* mercadolibre@2x.png in Resources */ = {isa = PBXBuildFile; fileRef = 4E7EF4EE19A785D900ABAECD /* mercadolibre@2x.png */; };
		4E7EF4F419A7872F00ABAECD /* MLHistoryItem.m in Sources */ = {isa = PBXBuildFile; fileRef = 4E7EF4F319A7872F00ABAECD /* MLHistoryItem.m */; };
		4E7EF4F719A7952100ABAECD /* NSDate+Utilities.m in Sources */ = {isa = PBXBuildFile; fileRef = 4E7EF4F619A7952100ABAECD /* NSDate+Utilities.m */; };
		4ED19F7C19A7AACC0056FD03 /* ProductTableViewCell.xib in Resources */ = {isa = PBXBuildFile; fileRef = 4ED19F7B19A7AACC0056FD03 /* ProductTableViewCell.xib */; };
		4ED19F7F19A7AB960056FD03 /* ProductTableViewCell.m in Sources */ = {isa = PBXBuildFile; fileRef = 4ED19F7E19A7AB960056FD03 /* ProductTableViewCell.m */; };
		4ED19F8219AB827B0056FD03 /* MLSearchService.m in Sources */ = {isa = PBXBuildFile; fileRef = 4ED19F8119AB827B0056FD03 /* MLSearchService.m */; };
		4ED19F8519AB82AD0056FD03 /* MLThumbnailService.m in Sources */ = {isa = PBXBuildFile; fileRef = 4ED19F8419AB82AD0056FD03 /* MLThumbnailService.m */; };
		4ED19F8919AB86950056FD03 /* MLSearchViewController.m in Sources */ = {isa = PBXBuildFile; fileRef = 4ED19F8719AB86950056FD03 /* MLSearchViewController.m */; };
		4ED19F8A19AB86950056FD03 /* MLSearchViewController.xib in Resources */ = {isa = PBXBuildFile; fileRef = 4ED19F8819AB86950056FD03 /* MLSearchViewController.xib */; };
		4ED19F8D19AB87C60056FD03 /* MLAbstractViewController.m in Sources */ = {isa = PBXBuildFile; fileRef = 4ED19F8C19AB87C60056FD03 /* MLAbstractViewController.m */; };
		4ED19F9119AB891C0056FD03 /* MLHistoryTableViewCell.m in Sources */ = {isa = PBXBuildFile; fileRef = 4ED19F8F19AB891C0056FD03 /* MLHistoryTableViewCell.m */; };
		4ED19F9219AB891C0056FD03 /* MLHistoryTableViewCell.xib in Resources */ = {isa = PBXBuildFile; fileRef = 4ED19F9019AB891C0056FD03 /* MLHistoryTableViewCell.xib */; };
		4ED19F9619AB8C980056FD03 /* MLItemDetailViewController.m in Sources */ = {isa = PBXBuildFile; fileRef = 4ED19F9419AB8C980056FD03 /* MLItemDetailViewController.m */; };
		4ED19F9719AB8C980056FD03 /* MLItemDetailViewController.xib in Resources */ = {isa = PBXBuildFile; fileRef = 4ED19F9519AB8C980056FD03 /* MLItemDetailViewController.xib */; };
		4ED19F9B19AB8E1C0056FD03 /* MLItemListViewController.m in Sources */ = {isa = PBXBuildFile; fileRef = 4ED19F9919AB8E1C0056FD03 /* MLItemListViewController.m */; };
		4ED19F9C19AB8E1C0056FD03 /* MLItemListViewController.xib in Resources */ = {isa = PBXBuildFile; fileRef = 4ED19F9A19AB8E1C0056FD03 /* MLItemListViewController.xib */; };
/* End PBXBuildFile section */

/* Begin PBXContainerItemProxy section */
		4E7EF4A619A7719200ABAECD /* PBXContainerItemProxy */ = {
			isa = PBXContainerItemProxy;
			containerPortal = 4E7EF47E19A7719200ABAECD /* Project object */;
			proxyType = 1;
			remoteGlobalIDString = 4E7EF48519A7719200ABAECD;
			remoteInfo = Networking;
		};
/* End PBXContainerItemProxy section */

/* Begin PBXFileReference section */
		4E65CBCC19ACD0100082999F /* noPicI.png */ = {isa = PBXFileReference; lastKnownFileType = image.png; name = noPicI.png; path = "../../../../Downloads/mobile-ios-master/MercadoLibre/Resources/images/noPicI.png"; sourceTree = "<group>"; };
		4E65CBCD19ACD0100082999F /* noPicI@2x.png */ = {isa = PBXFileReference; lastKnownFileType = image.png; name = "noPicI@2x.png"; path = "../../../../Downloads/mobile-ios-master/MercadoLibre/Resources/images/noPicI@2x.png"; sourceTree = "<group>"; };
		4E65CBCE19ACD0100082999F /* noPicItemList_ar.gif */ = {isa = PBXFileReference; lastKnownFileType = image.gif; name = noPicItemList_ar.gif; path = "../../../../Downloads/mobile-ios-master/MercadoLibre/Resources/images/noPicItemList_ar.gif"; sourceTree = "<group>"; };
		4E65CBCF19ACD0100082999F /* noPicP.png */ = {isa = PBXFileReference; lastKnownFileType = image.png; name = noPicP.png; path = "../../../../Downloads/mobile-ios-master/MercadoLibre/Resources/images/noPicP.png"; sourceTree = "<group>"; };
		4E65CBD019ACD0100082999F /* noPicP@2x.png */ = {isa = PBXFileReference; lastKnownFileType = image.png; name = "noPicP@2x.png"; path = "../../../../Downloads/mobile-ios-master/MercadoLibre/Resources/images/noPicP@2x.png"; sourceTree = "<group>"; };
		4E65CBD619ACDC720082999F /* MLDaoManager.h */ = {isa = PBXFileReference; fileEncoding = 4; lastKnownFileType = sourcecode.c.h; path = MLDaoManager.h; sourceTree = "<group>"; };
		4E65CBD719ACDC720082999F /* MLDaoManager.m */ = {isa = PBXFileReference; fileEncoding = 4; lastKnownFileType = sourcecode.c.objc; path = MLDaoManager.m; sourceTree = "<group>"; };
		4E65CBD919ACDC850082999F /* MLDaoFilesystem.h */ = {isa = PBXFileReference; fileEncoding = 4; lastKnownFileType = sourcecode.c.h; path = MLDaoFilesystem.h; sourceTree = "<group>"; };
		4E65CBDA19ACDC850082999F /* MLDaoFilesystem.m */ = {isa = PBXFileReference; fileEncoding = 4; lastKnownFileType = sourcecode.c.objc; path = MLDaoFilesystem.m; sourceTree = "<group>"; };
		4E65CBDC19ACDC920082999F /* MLDaoMemory.h */ = {isa = PBXFileReference; fileEncoding = 4; lastKnownFileType = sourcecode.c.h; path = MLDaoMemory.h; sourceTree = "<group>"; };
		4E65CBDD19ACDC920082999F /* MLDaoMemory.m */ = {isa = PBXFileReference; fileEncoding = 4; lastKnownFileType = sourcecode.c.objc; path = MLDaoMemory.m; sourceTree = "<group>"; };
		4E65CBDF19ACDCAD0082999F /* MLDaoDelegate.h */ = {isa = PBXFileReference; lastKnownFileType = sourcecode.c.h; path = MLDaoDelegate.h; sourceTree = "<group>"; };
		4E65CBE019AE5F0F0082999F /* MLNoResultsViewController.h */ = {isa = PBXFileReference; fileEncoding = 4; lastKnownFileType = sourcecode.c.h; path = MLNoResultsViewController.h; sourceTree = "<group>"; };
		4E65CBE119AE5F0F0082999F /* MLNoResultsViewController.m */ = {isa = PBXFileReference; fileEncoding = 4; lastKnownFileType = sourcecode.c.objc; path = MLNoResultsViewController.m; sourceTree = "<group>"; };
		4E65CBE219AE5F0F0082999F /* MLNoResultsViewController.xib */ = {isa = PBXFileReference; fileEncoding = 4; lastKnownFileType = file.xib; path = MLNoResultsViewController.xib; sourceTree = "<group>"; };
		4E65CBE819AE67870082999F /* MLImageCollectionViewCell.h */ = {isa = PBXFileReference; fileEncoding = 4; lastKnownFileType = sourcecode.c.h; path = MLImageCollectionViewCell.h; sourceTree = "<group>"; };
		4E65CBE919AE67870082999F /* MLImageCollectionViewCell.m */ = {isa = PBXFileReference; fileEncoding = 4; lastKnownFileType = sourcecode.c.objc; path = MLImageCollectionViewCell.m; sourceTree = "<group>"; };
		4E65CBED19AE67D80082999F /* MLImageCollectionViewCell.xib */ = {isa = PBXFileReference; fileEncoding = 4; lastKnownFileType = file.xib; path = MLImageCollectionViewCell.xib; sourceTree = "<group>"; };
		4E65CBF719AE88C50082999F /* MLWebService.h */ = {isa = PBXFileReference; fileEncoding = 4; lastKnownFileType = sourcecode.c.h; path = MLWebService.h; sourceTree = "<group>"; };
		4E65CBF819AE88C50082999F /* MLWebService.m */ = {isa = PBXFileReference; fileEncoding = 4; lastKnownFileType = sourcecode.c.objc; path = MLWebService.m; sourceTree = "<group>"; };
		4E7EF48619A7719200ABAECD /* Networking.app */ = {isa = PBXFileReference; explicitFileType = wrapper.application; includeInIndex = 0; path = Networking.app; sourceTree = BUILT_PRODUCTS_DIR; };
		4E7EF48919A7719200ABAECD /* Foundation.framework */ = {isa = PBXFileReference; lastKnownFileType = wrapper.framework; name = Foundation.framework; path = System/Library/Frameworks/Foundation.framework; sourceTree = SDKROOT; };
		4E7EF48B19A7719200ABAECD /* CoreGraphics.framework */ = {isa = PBXFileReference; lastKnownFileType = wrapper.framework; name = CoreGraphics.framework; path = System/Library/Frameworks/CoreGraphics.framework; sourceTree = SDKROOT; };
		4E7EF48D19A7719200ABAECD /* UIKit.framework */ = {isa = PBXFileReference; lastKnownFileType = wrapper.framework; name = UIKit.framework; path = System/Library/Frameworks/UIKit.framework; sourceTree = SDKROOT; };
		4E7EF49119A7719200ABAECD /* Networking-Info.plist */ = {isa = PBXFileReference; lastKnownFileType = text.plist.xml; path = "Networking-Info.plist"; sourceTree = "<group>"; };
		4E7EF49319A7719200ABAECD /* en */ = {isa = PBXFileReference; lastKnownFileType = text.plist.strings; name = en; path = en.lproj/InfoPlist.strings; sourceTree = "<group>"; };
		4E7EF49519A7719200ABAECD /* main.m */ = {isa = PBXFileReference; lastKnownFileType = sourcecode.c.objc; path = main.m; sourceTree = "<group>"; };
		4E7EF49719A7719200ABAECD /* Networking-Prefix.pch */ = {isa = PBXFileReference; lastKnownFileType = sourcecode.c.h; path = "Networking-Prefix.pch"; sourceTree = "<group>"; };
		4E7EF49819A7719200ABAECD /* MLAppDelegate.h */ = {isa = PBXFileReference; lastKnownFileType = sourcecode.c.h; path = MLAppDelegate.h; sourceTree = "<group>"; };
		4E7EF49919A7719200ABAECD /* MLAppDelegate.m */ = {isa = PBXFileReference; lastKnownFileType = sourcecode.c.objc; path = MLAppDelegate.m; sourceTree = "<group>"; };
		4E7EF49B19A7719200ABAECD /* Images.xcassets */ = {isa = PBXFileReference; lastKnownFileType = folder.assetcatalog; path = Images.xcassets; sourceTree = "<group>"; };
		4E7EF4A119A7719200ABAECD /* NetworkingTests.xctest */ = {isa = PBXFileReference; explicitFileType = wrapper.cfbundle; includeInIndex = 0; path = NetworkingTests.xctest; sourceTree = BUILT_PRODUCTS_DIR; };
		4E7EF4A219A7719200ABAECD /* XCTest.framework */ = {isa = PBXFileReference; lastKnownFileType = wrapper.framework; name = XCTest.framework; path = Library/Frameworks/XCTest.framework; sourceTree = DEVELOPER_DIR; };
		4E7EF4AA19A7719200ABAECD /* NetworkingTests-Info.plist */ = {isa = PBXFileReference; lastKnownFileType = text.plist.xml; path = "NetworkingTests-Info.plist"; sourceTree = "<group>"; };
		4E7EF4AC19A7719200ABAECD /* en */ = {isa = PBXFileReference; lastKnownFileType = text.plist.strings; name = en; path = en.lproj/InfoPlist.strings; sourceTree = "<group>"; };
		4E7EF4AE19A7719200ABAECD /* NetworkingTests.m */ = {isa = PBXFileReference; lastKnownFileType = sourcecode.c.objc; path = NetworkingTests.m; sourceTree = "<group>"; };
		4E7EF4BC19A77B5B00ABAECD /* MLSearchItem.h */ = {isa = PBXFileReference; fileEncoding = 4; lastKnownFileType = sourcecode.c.h; name = MLSearchItem.h; path = "../../../AlmacenDeProductos/Almacen de productos/MLSearchItem.h"; sourceTree = "<group>"; };
		4E7EF4BD19A77B5B00ABAECD /* MLSearchItem.m */ = {isa = PBXFileReference; fileEncoding = 4; lastKnownFileType = sourcecode.c.objc; name = MLSearchItem.m; path = "../../../AlmacenDeProductos/Almacen de productos/MLSearchItem.m"; sourceTree = "<group>"; };
		4E7EF4BE19A77B5B00ABAECD /* SearchCommunicatorDelegate.h */ = {isa = PBXFileReference; fileEncoding = 4; lastKnownFileType = sourcecode.c.h; name = SearchCommunicatorDelegate.h; path = "../../../AlmacenDeProductos/Almacen de productos/SearchCommunicatorDelegate.h"; sourceTree = "<group>"; };
		4E7EF4C119A77B5B00ABAECD /* MLItemBuilder.h */ = {isa = PBXFileReference; fileEncoding = 4; lastKnownFileType = sourcecode.c.h; name = MLItemBuilder.h; path = "../../../AlmacenDeProductos/Almacen de productos/MLItemBuilder.h"; sourceTree = "<group>"; };
		4E7EF4C219A77B5B00ABAECD /* MLItemBuilder.m */ = {isa = PBXFileReference; fileEncoding = 4; lastKnownFileType = sourcecode.c.objc; name = MLItemBuilder.m; path = "../../../AlmacenDeProductos/Almacen de productos/MLItemBuilder.m"; sourceTree = "<group>"; };
		4E7EF4C319A77B5B00ABAECD /* MLSearchManagerDelegate.h */ = {isa = PBXFileReference; fileEncoding = 4; lastKnownFileType = sourcecode.c.h; name = MLSearchManagerDelegate.h; path = "../../../AlmacenDeProductos/Almacen de productos/MLSearchManagerDelegate.h"; sourceTree = "<group>"; };
		4E7EF4DB19A77BFA00ABAECD /* MBProgressHUD.h */ = {isa = PBXFileReference; fileEncoding = 4; lastKnownFileType = sourcecode.c.h; name = MBProgressHUD.h; path = "../../../AlmacenDeProductos/Almacen de productos/MBProgressHUD.h"; sourceTree = "<group>"; };
		4E7EF4DC19A77BFA00ABAECD /* MBProgressHUD.m */ = {isa = PBXFileReference; fileEncoding = 4; lastKnownFileType = sourcecode.c.objc; name = MBProgressHUD.m; path = "../../../AlmacenDeProductos/Almacen de productos/MBProgressHUD.m"; sourceTree = "<group>"; };
		4E7EF4DF19A77D9200ABAECD /* MLFavouritesViewController.h */ = {isa = PBXFileReference; fileEncoding = 4; lastKnownFileType = sourcecode.c.h; path = MLFavouritesViewController.h; sourceTree = "<group>"; };
		4E7EF4E019A77D9200ABAECD /* MLFavouritesViewController.m */ = {isa = PBXFileReference; fileEncoding = 4; lastKnownFileType = sourcecode.c.objc; path = MLFavouritesViewController.m; sourceTree = "<group>"; };
		4E7EF4E119A77D9200ABAECD /* MLFavouritesViewController.xib */ = {isa = PBXFileReference; fileEncoding = 4; lastKnownFileType = file.xib; path = MLFavouritesViewController.xib; sourceTree = "<group>"; };
		4E7EF4E519A7833800ABAECD /* searchTabBar.png */ = {isa = PBXFileReference; lastKnownFileType = image.png; name = searchTabBar.png; path = "../../../AlmacenDeProductos/Almacen de productos/searchTabBar.png"; sourceTree = "<group>"; };
		4E7EF4E619A7833800ABAECD /* searchTabBar@2x.png */ = {isa = PBXFileReference; lastKnownFileType = image.png; name = "searchTabBar@2x.png"; path = "../../../AlmacenDeProductos/Almacen de productos/searchTabBar@2x.png"; sourceTree = "<group>"; };
		4E7EF4E919A7847C00ABAECD /* bookmarksTabBar.png */ = {isa = PBXFileReference; lastKnownFileType = image.png; name = bookmarksTabBar.png; path = "../../../../Downloads/mobile-ios-master/MercadoLibre/Resources/images/bookmarksTabBar.png"; sourceTree = "<group>"; };
		4E7EF4EA19A7847C00ABAECD /* bookmarksTabBar@2x.png */ = {isa = PBXFileReference; lastKnownFileType = image.png; name = "bookmarksTabBar@2x.png"; path = "../../../../Downloads/mobile-ios-master/MercadoLibre/Resources/images/bookmarksTabBar@2x.png"; sourceTree = "<group>"; };
		4E7EF4ED19A785D900ABAECD /* mercadolibre.png */ = {isa = PBXFileReference; lastKnownFileType = image.png; name = mercadolibre.png; path = "../../../../Downloads/mobile-ios-master/MercadoLibre/Resources/images/mercadolibre.png"; sourceTree = "<group>"; };
		4E7EF4EE19A785D900ABAECD /* mercadolibre@2x.png */ = {isa = PBXFileReference; lastKnownFileType = image.png; name = "mercadolibre@2x.png"; path = "../../../../Downloads/mobile-ios-master/MercadoLibre/Resources/images/mercadolibre@2x.png"; sourceTree = "<group>"; };
		4E7EF4F219A7872F00ABAECD /* MLHistoryItem.h */ = {isa = PBXFileReference; fileEncoding = 4; lastKnownFileType = sourcecode.c.h; path = MLHistoryItem.h; sourceTree = "<group>"; };
		4E7EF4F319A7872F00ABAECD /* MLHistoryItem.m */ = {isa = PBXFileReference; fileEncoding = 4; lastKnownFileType = sourcecode.c.objc; path = MLHistoryItem.m; sourceTree = "<group>"; };
		4E7EF4F519A7952100ABAECD /* NSDate+Utilities.h */ = {isa = PBXFileReference; fileEncoding = 4; lastKnownFileType = sourcecode.c.h; name = "NSDate+Utilities.h"; path = "../../../../Downloads/NSDate-Extensions-master/NSDate+Utilities.h"; sourceTree = "<group>"; };
		4E7EF4F619A7952100ABAECD /* NSDate+Utilities.m */ = {isa = PBXFileReference; fileEncoding = 4; lastKnownFileType = sourcecode.c.objc; name = "NSDate+Utilities.m"; path = "../../../../Downloads/NSDate-Extensions-master/NSDate+Utilities.m"; sourceTree = "<group>"; };
		4ED19F7B19A7AACC0056FD03 /* ProductTableViewCell.xib */ = {isa = PBXFileReference; fileEncoding = 4; lastKnownFileType = file.xib; name = ProductTableViewCell.xib; path = "../../../AlmacenDeProductos/Almacen de productos/ProductTableViewCell.xib"; sourceTree = "<group>"; };
		4ED19F7D19A7AB960056FD03 /* ProductTableViewCell.h */ = {isa = PBXFileReference; fileEncoding = 4; lastKnownFileType = sourcecode.c.h; name = ProductTableViewCell.h; path = "../../../AlmacenDeProductos/Almacen de productos/ProductTableViewCell.h"; sourceTree = "<group>"; };
		4ED19F7E19A7AB960056FD03 /* ProductTableViewCell.m */ = {isa = PBXFileReference; fileEncoding = 4; lastKnownFileType = sourcecode.c.objc; name = ProductTableViewCell.m; path = "../../../AlmacenDeProductos/Almacen de productos/ProductTableViewCell.m"; sourceTree = "<group>"; };
		4ED19F8019AB827B0056FD03 /* MLSearchService.h */ = {isa = PBXFileReference; fileEncoding = 4; lastKnownFileType = sourcecode.c.h; path = MLSearchService.h; sourceTree = "<group>"; };
		4ED19F8119AB827B0056FD03 /* MLSearchService.m */ = {isa = PBXFileReference; fileEncoding = 4; lastKnownFileType = sourcecode.c.objc; path = MLSearchService.m; sourceTree = "<group>"; };
		4ED19F8319AB82AD0056FD03 /* MLThumbnailService.h */ = {isa = PBXFileReference; fileEncoding = 4; lastKnownFileType = sourcecode.c.h; path = MLThumbnailService.h; sourceTree = "<group>"; };
		4ED19F8419AB82AD0056FD03 /* MLThumbnailService.m */ = {isa = PBXFileReference; fileEncoding = 4; lastKnownFileType = sourcecode.c.objc; path = MLThumbnailService.m; sourceTree = "<group>"; };
		4ED19F8619AB86950056FD03 /* MLSearchViewController.h */ = {isa = PBXFileReference; fileEncoding = 4; lastKnownFileType = sourcecode.c.h; path = MLSearchViewController.h; sourceTree = "<group>"; };
		4ED19F8719AB86950056FD03 /* MLSearchViewController.m */ = {isa = PBXFileReference; fileEncoding = 4; lastKnownFileType = sourcecode.c.objc; path = MLSearchViewController.m; sourceTree = "<group>"; };
		4ED19F8819AB86950056FD03 /* MLSearchViewController.xib */ = {isa = PBXFileReference; fileEncoding = 4; lastKnownFileType = file.xib; path = MLSearchViewController.xib; sourceTree = "<group>"; };
		4ED19F8B19AB87C60056FD03 /* MLAbstractViewController.h */ = {isa = PBXFileReference; fileEncoding = 4; lastKnownFileType = sourcecode.c.h; path = MLAbstractViewController.h; sourceTree = "<group>"; };
		4ED19F8C19AB87C60056FD03 /* MLAbstractViewController.m */ = {isa = PBXFileReference; fileEncoding = 4; lastKnownFileType = sourcecode.c.objc; path = MLAbstractViewController.m; sourceTree = "<group>"; };
		4ED19F8E19AB891C0056FD03 /* MLHistoryTableViewCell.h */ = {isa = PBXFileReference; fileEncoding = 4; lastKnownFileType = sourcecode.c.h; path = MLHistoryTableViewCell.h; sourceTree = "<group>"; };
		4ED19F8F19AB891C0056FD03 /* MLHistoryTableViewCell.m */ = {isa = PBXFileReference; fileEncoding = 4; lastKnownFileType = sourcecode.c.objc; path = MLHistoryTableViewCell.m; sourceTree = "<group>"; };
		4ED19F9019AB891C0056FD03 /* MLHistoryTableViewCell.xib */ = {isa = PBXFileReference; fileEncoding = 4; lastKnownFileType = file.xib; path = MLHistoryTableViewCell.xib; sourceTree = "<group>"; };
		4ED19F9319AB8C980056FD03 /* MLItemDetailViewController.h */ = {isa = PBXFileReference; fileEncoding = 4; lastKnownFileType = sourcecode.c.h; path = MLItemDetailViewController.h; sourceTree = "<group>"; };
		4ED19F9419AB8C980056FD03 /* MLItemDetailViewController.m */ = {isa = PBXFileReference; fileEncoding = 4; lastKnownFileType = sourcecode.c.objc; path = MLItemDetailViewController.m; sourceTree = "<group>"; };
		4ED19F9519AB8C980056FD03 /* MLItemDetailViewController.xib */ = {isa = PBXFileReference; fileEncoding = 4; lastKnownFileType = file.xib; path = MLItemDetailViewController.xib; sourceTree = "<group>"; };
		4ED19F9819AB8E1C0056FD03 /* MLItemListViewController.h */ = {isa = PBXFileReference; fileEncoding = 4; lastKnownFileType = sourcecode.c.h; path = MLItemListViewController.h; sourceTree = "<group>"; };
		4ED19F9919AB8E1C0056FD03 /* MLItemListViewController.m */ = {isa = PBXFileReference; fileEncoding = 4; lastKnownFileType = sourcecode.c.objc; path = MLItemListViewController.m; sourceTree = "<group>"; };
		4ED19F9A19AB8E1C0056FD03 /* MLItemListViewController.xib */ = {isa = PBXFileReference; fileEncoding = 4; lastKnownFileType = file.xib; path = MLItemListViewController.xib; sourceTree = "<group>"; };
/* End PBXFileReference section */

/* Begin PBXFrameworksBuildPhase section */
		4E7EF48319A7719200ABAECD /* Frameworks */ = {
			isa = PBXFrameworksBuildPhase;
			buildActionMask = 2147483647;
			files = (
				4E7EF48C19A7719200ABAECD /* CoreGraphics.framework in Frameworks */,
				4E7EF48E19A7719200ABAECD /* UIKit.framework in Frameworks */,
				4E7EF48A19A7719200ABAECD /* Foundation.framework in Frameworks */,
			);
			runOnlyForDeploymentPostprocessing = 0;
		};
		4E7EF49E19A7719200ABAECD /* Frameworks */ = {
			isa = PBXFrameworksBuildPhase;
			buildActionMask = 2147483647;
			files = (
				4E7EF4A319A7719200ABAECD /* XCTest.framework in Frameworks */,
				4E7EF4A519A7719200ABAECD /* UIKit.framework in Frameworks */,
				4E7EF4A419A7719200ABAECD /* Foundation.framework in Frameworks */,
			);
			runOnlyForDeploymentPostprocessing = 0;
		};
/* End PBXFrameworksBuildPhase section */

/* Begin PBXGroup section */
		4E7EF47D19A7719200ABAECD = {
			isa = PBXGroup;
			children = (
				4E7EF48F19A7719200ABAECD /* Networking */,
				4E7EF4A819A7719200ABAECD /* NetworkingTests */,
				4E7EF48819A7719200ABAECD /* Frameworks */,
				4E7EF48719A7719200ABAECD /* Products */,
			);
			sourceTree = "<group>";
		};
		4E7EF48719A7719200ABAECD /* Products */ = {
			isa = PBXGroup;
			children = (
				4E7EF48619A7719200ABAECD /* Networking.app */,
				4E7EF4A119A7719200ABAECD /* NetworkingTests.xctest */,
			);
			name = Products;
			sourceTree = "<group>";
		};
		4E7EF48819A7719200ABAECD /* Frameworks */ = {
			isa = PBXGroup;
			children = (
				4E7EF48919A7719200ABAECD /* Foundation.framework */,
				4E7EF48B19A7719200ABAECD /* CoreGraphics.framework */,
				4E7EF48D19A7719200ABAECD /* UIKit.framework */,
				4E7EF4A219A7719200ABAECD /* XCTest.framework */,
			);
			name = Frameworks;
			sourceTree = "<group>";
		};
		4E7EF48F19A7719200ABAECD /* Networking */ = {
			isa = PBXGroup;
			children = (
				4E7EF4F119A7870D00ABAECD /* Models */,
				4E7EF4DE19A77C6800ABAECD /* Favourites */,
				4E7EF4B819A77B4500ABAECD /* Search */,
				4E7EF49819A7719200ABAECD /* MLAppDelegate.h */,
				4E7EF49919A7719200ABAECD /* MLAppDelegate.m */,
				4ED19F8B19AB87C60056FD03 /* MLAbstractViewController.h */,
				4ED19F8C19AB87C60056FD03 /* MLAbstractViewController.m */,
				4E7EF49B19A7719200ABAECD /* Images.xcassets */,
				4E7EF4E419A7831F00ABAECD /* Images */,
				4E7EF49019A7719200ABAECD /* Supporting Files */,
			);
			path = Networking;
			sourceTree = "<group>";
		};
		4E7EF49019A7719200ABAECD /* Supporting Files */ = {
			isa = PBXGroup;
			children = (
				4ED19F7D19A7AB960056FD03 /* ProductTableViewCell.h */,
				4ED19F7E19A7AB960056FD03 /* ProductTableViewCell.m */,
				4ED19F7B19A7AACC0056FD03 /* ProductTableViewCell.xib */,
				4E7EF4DB19A77BFA00ABAECD /* MBProgressHUD.h */,
				4E7EF4DC19A77BFA00ABAECD /* MBProgressHUD.m */,
				4E7EF4F519A7952100ABAECD /* NSDate+Utilities.h */,
				4E7EF4F619A7952100ABAECD /* NSDate+Utilities.m */,
				4E7EF49119A7719200ABAECD /* Networking-Info.plist */,
				4E7EF49219A7719200ABAECD /* InfoPlist.strings */,
				4E7EF49519A7719200ABAECD /* main.m */,
				4E7EF49719A7719200ABAECD /* Networking-Prefix.pch */,
			);
			name = "Supporting Files";
			sourceTree = "<group>";
		};
		4E7EF4A819A7719200ABAECD /* NetworkingTests */ = {
			isa = PBXGroup;
			children = (
				4E7EF4AE19A7719200ABAECD /* NetworkingTests.m */,
				4E7EF4A919A7719200ABAECD /* Supporting Files */,
			);
			path = NetworkingTests;
			sourceTree = "<group>";
		};
		4E7EF4A919A7719200ABAECD /* Supporting Files */ = {
			isa = PBXGroup;
			children = (
				4E7EF4AA19A7719200ABAECD /* NetworkingTests-Info.plist */,
				4E7EF4AB19A7719200ABAECD /* InfoPlist.strings */,
			);
			name = "Supporting Files";
			sourceTree = "<group>";
		};
		4E7EF4B819A77B4500ABAECD /* Search */ = {
			isa = PBXGroup;
			children = (
				4ED19F9819AB8E1C0056FD03 /* MLItemListViewController.h */,
				4ED19F9919AB8E1C0056FD03 /* MLItemListViewController.m */,
				4ED19F9A19AB8E1C0056FD03 /* MLItemListViewController.xib */,
				4ED19F9319AB8C980056FD03 /* MLItemDetailViewController.h */,
				4ED19F9419AB8C980056FD03 /* MLItemDetailViewController.m */,
				4ED19F9519AB8C980056FD03 /* MLItemDetailViewController.xib */,
				4ED19F8619AB86950056FD03 /* MLSearchViewController.h */,
				4ED19F8719AB86950056FD03 /* MLSearchViewController.m */,
				4ED19F8819AB86950056FD03 /* MLSearchViewController.xib */,
				4ED19F8E19AB891C0056FD03 /* MLHistoryTableViewCell.h */,
				4ED19F8F19AB891C0056FD03 /* MLHistoryTableViewCell.m */,
				4ED19F9019AB891C0056FD03 /* MLHistoryTableViewCell.xib */,
				4E65CBE019AE5F0F0082999F /* MLNoResultsViewController.h */,
				4E65CBE119AE5F0F0082999F /* MLNoResultsViewController.m */,
				4E65CBE219AE5F0F0082999F /* MLNoResultsViewController.xib */,
				4E65CBE819AE67870082999F /* MLImageCollectionViewCell.h */,
				4E65CBE919AE67870082999F /* MLImageCollectionViewCell.m */,
				4E65CBED19AE67D80082999F /* MLImageCollectionViewCell.xib */,
			);
			name = Search;
			sourceTree = "<group>";
		};
		4E7EF4DE19A77C6800ABAECD /* Favourites */ = {
			isa = PBXGroup;
			children = (
				4E7EF4DF19A77D9200ABAECD /* MLFavouritesViewController.h */,
				4E7EF4E019A77D9200ABAECD /* MLFavouritesViewController.m */,
				4E7EF4E119A77D9200ABAECD /* MLFavouritesViewController.xib */,
			);
			name = Favourites;
			sourceTree = "<group>";
		};
		4E7EF4E419A7831F00ABAECD /* Images */ = {
			isa = PBXGroup;
			children = (
				4E65CBCC19ACD0100082999F /* noPicI.png */,
				4E65CBCD19ACD0100082999F /* noPicI@2x.png */,
				4E65CBCE19ACD0100082999F /* noPicItemList_ar.gif */,
				4E65CBCF19ACD0100082999F /* noPicP.png */,
				4E65CBD019ACD0100082999F /* noPicP@2x.png */,
				4E7EF4E519A7833800ABAECD /* searchTabBar.png */,
				4E7EF4E619A7833800ABAECD /* searchTabBar@2x.png */,
				4E7EF4E919A7847C00ABAECD /* bookmarksTabBar.png */,
				4E7EF4EA19A7847C00ABAECD /* bookmarksTabBar@2x.png */,
				4E7EF4ED19A785D900ABAECD /* mercadolibre.png */,
				4E7EF4EE19A785D900ABAECD /* mercadolibre@2x.png */,
			);
			name = Images;
			sourceTree = "<group>";
		};
		4E7EF4F119A7870D00ABAECD /* Models */ = {
			isa = PBXGroup;
			children = (
				4E7EF4F219A7872F00ABAECD /* MLHistoryItem.h */,
				4E7EF4F319A7872F00ABAECD /* MLHistoryItem.m */,
				4E65CBF719AE88C50082999F /* MLWebService.h */,
				4E65CBF819AE88C50082999F /* MLWebService.m */,
				4ED19F8019AB827B0056FD03 /* MLSearchService.h */,
				4ED19F8119AB827B0056FD03 /* MLSearchService.m */,
				4ED19F8319AB82AD0056FD03 /* MLThumbnailService.h */,
				4ED19F8419AB82AD0056FD03 /* MLThumbnailService.m */,
				4E65CBD619ACDC720082999F /* MLDaoManager.h */,
				4E65CBD719ACDC720082999F /* MLDaoManager.m */,
				4E65CBD919ACDC850082999F /* MLDaoFilesystem.h */,
				4E65CBDA19ACDC850082999F /* MLDaoFilesystem.m */,
				4E65CBDC19ACDC920082999F /* MLDaoMemory.h */,
				4E65CBDD19ACDC920082999F /* MLDaoMemory.m */,
				4E65CBDF19ACDCAD0082999F /* MLDaoDelegate.h */,
				4E7EF4BC19A77B5B00ABAECD /* MLSearchItem.h */,
				4E7EF4BD19A77B5B00ABAECD /* MLSearchItem.m */,
				4E7EF4C119A77B5B00ABAECD /* MLItemBuilder.h */,
				4E7EF4C219A77B5B00ABAECD /* MLItemBuilder.m */,
				4E7EF4BE19A77B5B00ABAECD /* SearchCommunicatorDelegate.h */,
				4E7EF4C319A77B5B00ABAECD /* MLSearchManagerDelegate.h */,
			);
			name = Models;
			sourceTree = "<group>";
		};
/* End PBXGroup section */

/* Begin PBXNativeTarget section */
		4E7EF48519A7719200ABAECD /* Networking */ = {
			isa = PBXNativeTarget;
			buildConfigurationList = 4E7EF4B219A7719200ABAECD /* Build configuration list for PBXNativeTarget "Networking" */;
			buildPhases = (
				4E7EF48219A7719200ABAECD /* Sources */,
				4E7EF48319A7719200ABAECD /* Frameworks */,
				4E7EF48419A7719200ABAECD /* Resources */,
			);
			buildRules = (
			);
			dependencies = (
			);
			name = Networking;
			productName = Networking;
			productReference = 4E7EF48619A7719200ABAECD /* Networking.app */;
			productType = "com.apple.product-type.application";
		};
		4E7EF4A019A7719200ABAECD /* NetworkingTests */ = {
			isa = PBXNativeTarget;
			buildConfigurationList = 4E7EF4B519A7719200ABAECD /* Build configuration list for PBXNativeTarget "NetworkingTests" */;
			buildPhases = (
				4E7EF49D19A7719200ABAECD /* Sources */,
				4E7EF49E19A7719200ABAECD /* Frameworks */,
				4E7EF49F19A7719200ABAECD /* Resources */,
			);
			buildRules = (
			);
			dependencies = (
				4E7EF4A719A7719200ABAECD /* PBXTargetDependency */,
			);
			name = NetworkingTests;
			productName = NetworkingTests;
			productReference = 4E7EF4A119A7719200ABAECD /* NetworkingTests.xctest */;
			productType = "com.apple.product-type.bundle.unit-test";
		};
/* End PBXNativeTarget section */

/* Begin PBXProject section */
		4E7EF47E19A7719200ABAECD /* Project object */ = {
			isa = PBXProject;
			attributes = {
				CLASSPREFIX = ML;
				LastUpgradeCheck = 0510;
				ORGANIZATIONNAME = mercadolibre;
				TargetAttributes = {
					4E7EF4A019A7719200ABAECD = {
						TestTargetID = 4E7EF48519A7719200ABAECD;
					};
				};
			};
			buildConfigurationList = 4E7EF48119A7719200ABAECD /* Build configuration list for PBXProject "Networking" */;
			compatibilityVersion = "Xcode 3.2";
			developmentRegion = English;
			hasScannedForEncodings = 0;
			knownRegions = (
				en,
			);
			mainGroup = 4E7EF47D19A7719200ABAECD;
			productRefGroup = 4E7EF48719A7719200ABAECD /* Products */;
			projectDirPath = "";
			projectRoot = "";
			targets = (
				4E7EF48519A7719200ABAECD /* Networking */,
				4E7EF4A019A7719200ABAECD /* NetworkingTests */,
			);
		};
/* End PBXProject section */

/* Begin PBXResourcesBuildPhase section */
		4E7EF48419A7719200ABAECD /* Resources */ = {
			isa = PBXResourcesBuildPhase;
			buildActionMask = 2147483647;
			files = (
				4E7EF4EF19A785D900ABAECD /* mercadolibre.png in Resources */,
				4ED19F9719AB8C980056FD03 /* MLItemDetailViewController.xib in Resources */,
				4E7EF4EC19A7847C00ABAECD /* bookmarksTabBar@2x.png in Resources */,
				4E65CBD119ACD0100082999F /* noPicI.png in Resources */,
				4ED19F8A19AB86950056FD03 /* MLSearchViewController.xib in Resources */,
				4E7EF49419A7719200ABAECD /* InfoPlist.strings in Resources */,
				4ED19F7C19A7AACC0056FD03 /* ProductTableViewCell.xib in Resources */,
				4E7EF4F019A785D900ABAECD /* mercadolibre@2x.png in Resources */,
				4ED19F9219AB891C0056FD03 /* MLHistoryTableViewCell.xib in Resources */,
				4E65CBE419AE5F0F0082999F /* MLNoResultsViewController.xib in Resources */,
				4E65CBD519ACD0100082999F /* noPicP@2x.png in Resources */,
				4E7EF4E819A7833800ABAECD /* searchTabBar@2x.png in Resources */,
				4E65CBD319ACD0100082999F /* noPicItemList_ar.gif in Resources */,
				4E7EF49C19A7719200ABAECD /* Images.xcassets in Resources */,
				4E65CBEE19AE67D80082999F /* MLImageCollectionViewCell.xib in Resources */,
				4E7EF4E719A7833800ABAECD /* searchTabBar.png in Resources */,
				4E65CBD219ACD0100082999F /* noPicI@2x.png in Resources */,
				4E65CBD419ACD0100082999F /* noPicP.png in Resources */,
				4E7EF4E319A77D9200ABAECD /* MLFavouritesViewController.xib in Resources */,
				4ED19F9C19AB8E1C0056FD03 /* MLItemListViewController.xib in Resources */,
				4E7EF4EB19A7847C00ABAECD /* bookmarksTabBar.png in Resources */,
			);
			runOnlyForDeploymentPostprocessing = 0;
		};
		4E7EF49F19A7719200ABAECD /* Resources */ = {
			isa = PBXResourcesBuildPhase;
			buildActionMask = 2147483647;
			files = (
				4E7EF4AD19A7719200ABAECD /* InfoPlist.strings in Resources */,
			);
			runOnlyForDeploymentPostprocessing = 0;
		};
/* End PBXResourcesBuildPhase section */

/* Begin PBXSourcesBuildPhase section */
		4E7EF48219A7719200ABAECD /* Sources */ = {
			isa = PBXSourcesBuildPhase;
			buildActionMask = 2147483647;
			files = (
				4E7EF4D119A77B5B00ABAECD /* MLSearchItem.m in Sources */,
				4ED19F8919AB86950056FD03 /* MLSearchViewController.m in Sources */,
				4E7EF49619A7719200ABAECD /* main.m in Sources */,
				4E65CBDE19ACDC920082999F /* MLDaoMemory.m in Sources */,
				4ED19F9119AB891C0056FD03 /* MLHistoryTableViewCell.m in Sources */,
				4E65CBE319AE5F0F0082999F /* MLNoResultsViewController.m in Sources */,
				4ED19F9619AB8C980056FD03 /* MLItemDetailViewController.m in Sources */,
				4E7EF4DD19A77BFA00ABAECD /* MBProgressHUD.m in Sources */,
				4ED19F9B19AB8E1C0056FD03 /* MLItemListViewController.m in Sources */,
				4E7EF49A19A7719200ABAECD /* MLAppDelegate.m in Sources */,
				4E65CBEA19AE67870082999F /* MLImageCollectionViewCell.m in Sources */,
				4E65CBDB19ACDC850082999F /* MLDaoFilesystem.m in Sources */,
				4ED19F7F19A7AB960056FD03 /* ProductTableViewCell.m in Sources */,
				4E7EF4F419A7872F00ABAECD /* MLHistoryItem.m in Sources */,
				4E7EF4D319A77B5B00ABAECD /* MLItemBuilder.m in Sources */,
				4ED19F8519AB82AD0056FD03 /* MLThumbnailService.m in Sources */,
				4E65CBD819ACDC720082999F /* MLDaoManager.m in Sources */,
				4ED19F8219AB827B0056FD03 /* MLSearchService.m in Sources */,
				4ED19F8D19AB87C60056FD03 /* MLAbstractViewController.m in Sources */,
				4E7EF4E219A77D9200ABAECD /* MLFavouritesViewController.m in Sources */,
				4E7EF4F719A7952100ABAECD /* NSDate+Utilities.m in Sources */,
				4E65CBF919AE88C50082999F /* MLWebService.m in Sources */,
			);
			runOnlyForDeploymentPostprocessing = 0;
		};
		4E7EF49D19A7719200ABAECD /* Sources */ = {
			isa = PBXSourcesBuildPhase;
			buildActionMask = 2147483647;
			files = (
				4E7EF4AF19A7719200ABAECD /* NetworkingTests.m in Sources */,
			);
			runOnlyForDeploymentPostprocessing = 0;
		};
/* End PBXSourcesBuildPhase section */

/* Begin PBXTargetDependency section */
		4E7EF4A719A7719200ABAECD /* PBXTargetDependency */ = {
			isa = PBXTargetDependency;
			target = 4E7EF48519A7719200ABAECD /* Networking */;
			targetProxy = 4E7EF4A619A7719200ABAECD /* PBXContainerItemProxy */;
		};
/* End PBXTargetDependency section */

/* Begin PBXVariantGroup section */
		4E7EF49219A7719200ABAECD /* InfoPlist.strings */ = {
			isa = PBXVariantGroup;
			children = (
				4E7EF49319A7719200ABAECD /* en */,
			);
			name = InfoPlist.strings;
			sourceTree = "<group>";
		};
		4E7EF4AB19A7719200ABAECD /* InfoPlist.strings */ = {
			isa = PBXVariantGroup;
			children = (
				4E7EF4AC19A7719200ABAECD /* en */,
			);
			name = InfoPlist.strings;
			sourceTree = "<group>";
		};
/* End PBXVariantGroup section */

/* Begin XCBuildConfiguration section */
		4E7EF4B019A7719200ABAECD /* Debug */ = {
			isa = XCBuildConfiguration;
			buildSettings = {
				ALWAYS_SEARCH_USER_PATHS = NO;
				CLANG_CXX_LANGUAGE_STANDARD = "gnu++0x";
				CLANG_CXX_LIBRARY = "libc++";
				CLANG_ENABLE_MODULES = YES;
				CLANG_ENABLE_OBJC_ARC = YES;
				CLANG_WARN_BOOL_CONVERSION = YES;
				CLANG_WARN_CONSTANT_CONVERSION = YES;
				CLANG_WARN_DIRECT_OBJC_ISA_USAGE = YES_ERROR;
				CLANG_WARN_EMPTY_BODY = YES;
				CLANG_WARN_ENUM_CONVERSION = YES;
				CLANG_WARN_INT_CONVERSION = YES;
				CLANG_WARN_OBJC_ROOT_CLASS = YES_ERROR;
				CLANG_WARN__DUPLICATE_METHOD_MATCH = YES;
				"CODE_SIGN_IDENTITY[sdk=iphoneos*]" = "iPhone Developer";
				COPY_PHASE_STRIP = NO;
				GCC_C_LANGUAGE_STANDARD = gnu99;
				GCC_DYNAMIC_NO_PIC = NO;
				GCC_OPTIMIZATION_LEVEL = 0;
				GCC_PREPROCESSOR_DEFINITIONS = (
					"DEBUG=1",
					"$(inherited)",
				);
				GCC_SYMBOLS_PRIVATE_EXTERN = NO;
				GCC_WARN_64_TO_32_BIT_CONVERSION = YES;
				GCC_WARN_ABOUT_RETURN_TYPE = YES_ERROR;
				GCC_WARN_UNDECLARED_SELECTOR = YES;
				GCC_WARN_UNINITIALIZED_AUTOS = YES_AGGRESSIVE;
				GCC_WARN_UNUSED_FUNCTION = YES;
				GCC_WARN_UNUSED_VARIABLE = YES;
				IPHONEOS_DEPLOYMENT_TARGET = 7.1;
				ONLY_ACTIVE_ARCH = YES;
				SDKROOT = iphoneos;
			};
			name = Debug;
		};
		4E7EF4B119A7719200ABAECD /* Release */ = {
			isa = XCBuildConfiguration;
			buildSettings = {
				ALWAYS_SEARCH_USER_PATHS = NO;
				CLANG_CXX_LANGUAGE_STANDARD = "gnu++0x";
				CLANG_CXX_LIBRARY = "libc++";
				CLANG_ENABLE_MODULES = YES;
				CLANG_ENABLE_OBJC_ARC = YES;
				CLANG_WARN_BOOL_CONVERSION = YES;
				CLANG_WARN_CONSTANT_CONVERSION = YES;
				CLANG_WARN_DIRECT_OBJC_ISA_USAGE = YES_ERROR;
				CLANG_WARN_EMPTY_BODY = YES;
				CLANG_WARN_ENUM_CONVERSION = YES;
				CLANG_WARN_INT_CONVERSION = YES;
				CLANG_WARN_OBJC_ROOT_CLASS = YES_ERROR;
				CLANG_WARN__DUPLICATE_METHOD_MATCH = YES;
				"CODE_SIGN_IDENTITY[sdk=iphoneos*]" = "iPhone Developer";
				COPY_PHASE_STRIP = YES;
				ENABLE_NS_ASSERTIONS = NO;
				GCC_C_LANGUAGE_STANDARD = gnu99;
				GCC_WARN_64_TO_32_BIT_CONVERSION = YES;
				GCC_WARN_ABOUT_RETURN_TYPE = YES_ERROR;
				GCC_WARN_UNDECLARED_SELECTOR = YES;
				GCC_WARN_UNINITIALIZED_AUTOS = YES_AGGRESSIVE;
				GCC_WARN_UNUSED_FUNCTION = YES;
				GCC_WARN_UNUSED_VARIABLE = YES;
				IPHONEOS_DEPLOYMENT_TARGET = 7.1;
				SDKROOT = iphoneos;
				VALIDATE_PRODUCT = YES;
			};
			name = Release;
		};
		4E7EF4B319A7719200ABAECD /* Debug */ = {
			isa = XCBuildConfiguration;
			buildSettings = {
				ASSETCATALOG_COMPILER_APPICON_NAME = AppIcon;
				ASSETCATALOG_COMPILER_LAUNCHIMAGE_NAME = LaunchImage;
				GCC_PRECOMPILE_PREFIX_HEADER = YES;
				GCC_PREFIX_HEADER = "Networking/Networking-Prefix.pch";
				INFOPLIST_FILE = "Networking/Networking-Info.plist";
				PRODUCT_NAME = "$(TARGET_NAME)";
				WRAPPER_EXTENSION = app;
			};
			name = Debug;
		};
		4E7EF4B419A7719200ABAECD /* Release */ = {
			isa = XCBuildConfiguration;
			buildSettings = {
				ASSETCATALOG_COMPILER_APPICON_NAME = AppIcon;
				ASSETCATALOG_COMPILER_LAUNCHIMAGE_NAME = LaunchImage;
				GCC_PRECOMPILE_PREFIX_HEADER = YES;
				GCC_PREFIX_HEADER = "Networking/Networking-Prefix.pch";
				INFOPLIST_FILE = "Networking/Networking-Info.plist";
				PRODUCT_NAME = "$(TARGET_NAME)";
				WRAPPER_EXTENSION = app;
			};
			name = Release;
		};
		4E7EF4B619A7719200ABAECD /* Debug */ = {
			isa = XCBuildConfiguration;
			buildSettings = {
				BUNDLE_LOADER = "$(BUILT_PRODUCTS_DIR)/Networking.app/Networking";
				FRAMEWORK_SEARCH_PATHS = (
					"$(SDKROOT)/Developer/Library/Frameworks",
					"$(inherited)",
					"$(DEVELOPER_FRAMEWORKS_DIR)",
				);
				GCC_PRECOMPILE_PREFIX_HEADER = YES;
				GCC_PREFIX_HEADER = "Networking/Networking-Prefix.pch";
				GCC_PREPROCESSOR_DEFINITIONS = (
					"DEBUG=1",
					"$(inherited)",
				);
				INFOPLIST_FILE = "NetworkingTests/NetworkingTests-Info.plist";
				PRODUCT_NAME = "$(TARGET_NAME)";
				TEST_HOST = "$(BUNDLE_LOADER)";
				WRAPPER_EXTENSION = xctest;
			};
			name = Debug;
		};
		4E7EF4B719A7719200ABAECD /* Release */ = {
			isa = XCBuildConfiguration;
			buildSettings = {
				BUNDLE_LOADER = "$(BUILT_PRODUCTS_DIR)/Networking.app/Networking";
				FRAMEWORK_SEARCH_PATHS = (
					"$(SDKROOT)/Developer/Library/Frameworks",
					"$(inherited)",
					"$(DEVELOPER_FRAMEWORKS_DIR)",
				);
				GCC_PRECOMPILE_PREFIX_HEADER = YES;
				GCC_PREFIX_HEADER = "Networking/Networking-Prefix.pch";
				INFOPLIST_FILE = "NetworkingTests/NetworkingTests-Info.plist";
				PRODUCT_NAME = "$(TARGET_NAME)";
				TEST_HOST = "$(BUNDLE_LOADER)";
				WRAPPER_EXTENSION = xctest;
			};
			name = Release;
		};
/* End XCBuildConfiguration section */

/* Begin XCConfigurationList section */
		4E7EF48119A7719200ABAECD /* Build configuration list for PBXProject "Networking" */ = {
			isa = XCConfigurationList;
			buildConfigurations = (
				4E7EF4B019A7719200ABAECD /* Debug */,
				4E7EF4B119A7719200ABAECD /* Release */,
			);
			defaultConfigurationIsVisible = 0;
			defaultConfigurationName = Release;
		};
		4E7EF4B219A7719200ABAECD /* Build configuration list for PBXNativeTarget "Networking" */ = {
			isa = XCConfigurationList;
			buildConfigurations = (
				4E7EF4B319A7719200ABAECD /* Debug */,
				4E7EF4B419A7719200ABAECD /* Release */,
			);
			defaultConfigurationIsVisible = 0;
			defaultConfigurationName = Release;
		};
		4E7EF4B519A7719200ABAECD /* Build configuration list for PBXNativeTarget "NetworkingTests" */ = {
			isa = XCConfigurationList;
			buildConfigurations = (
				4E7EF4B619A7719200ABAECD /* Debug */,
				4E7EF4B719A7719200ABAECD /* Release */,
			);
			defaultConfigurationIsVisible = 0;
			defaultConfigurationName = Release;
		};
/* End XCConfigurationList section */
	};
	rootObject = 4E7EF47E19A7719200ABAECD /* Project object */;
}
